github.com/gethugothemes/hugo-modules/accordion v0.0.0-20240711030223-49ae4a26e064 h1:U5GwHE9Mh47MW08V0T7F+tvlcdDvRtT75WBzVuCzzuA=
github.com/gethugothemes/hugo-modules/accordion v0.0.0-20240711030223-49ae4a26e064/go.mod h1:D4DpauKPDcUHI9CVKYmJeO6bkSJIhUN864TyXZ2o0VI=
github.com/gethugothemes/hugo-modules/accordion v0.0.0-20240925042433-d2b5d05977e8 h1:glx/9W1+SUOc3YQROIA59CBr6myIo3gzsJysJJaQe/A=
github.com/gethugothemes/hugo-modules/accordion v0.0.0-20240925042433-d2b5d05977e8/go.mod h1:D4DpauKPDcUHI9CVKYmJeO6bkSJIhUN864TyXZ2o0VI=
github.com/gethugothemes/hugo-modules/adsense v0.0.0-20240711030223-49ae4a26e064 h1:JCURJ5LNYfCn9i8T3DRTxyeDSYFLBg/T+XblNlONlKE=
github.com/gethugothemes/hugo-modules/adsense v0.0.0-20240711030223-49ae4a26e064/go.mod h1:8p/gG/cyyu20z4q5cFN/JGE5TOFA55Xsp+aIP9KCsqo=
github.com/gethugothemes/hugo-modules/adsense v0.0.0-20240925042433-d2b5d05977e8 h1:ewKsG7Nfk55KHJbOLiRNHu01UURu6fS6RWA2RY6S8k4=
github.com/gethugothemes/hugo-modules/adsense v0.0.0-20240925042433-d2b5d05977e8/go.mod h1:8p/gG/cyyu20z4q5cFN/JGE5TOFA55Xsp+aIP9KCsqo=
github.com/gethugothemes/hugo-modules/components/cookie-consent v0.0.0-20240711030223-49ae4a26e064 h1:4a5nmIXZvjpVTMJzCyWnGqr6PKsVNAKaBB+1hcOTRDs=
github.com/gethugothemes/hugo-modules/components/cookie-consent v0.0.0-20240711030223-49ae4a26e064/go.mod h1:511ERLpGe3ZTfV2z/NAtUSR5NqKF26h9z5lU/zYV4YQ=
github.com/gethugothemes/hugo-modules/components/cookie-consent v0.0.0-20240925042433-d2b5d05977e8 h1:oIO0o2wdY2Jhkz+NyzTgwizCGSf6V0IGumuD985SKeU=
github.com/gethugothemes/hugo-modules/components/cookie-consent v0.0.0-20240925042433-d2b5d05977e8/go.mod h1:511ERLpGe3ZTfV2z/NAtUSR5NqKF26h9z5lU/zYV4YQ=
github.com/gethugothemes/hugo-modules/components/custom-script v0.0.0-20240711030223-49ae4a26e064 h1:cPlA2ugdBIVps2iZ2m8KgQoeldb/Z/1S8fJx6cmAHXk=
github.com/gethugothemes/hugo-modules/components/custom-script v0.0.0-20240711030223-49ae4a26e064/go.mod h1:RuDHq4WnK8sNEzAIJr4BZQ7oXhzcct/EKaAxc2Xvi9E=
github.com/gethugothemes/hugo-modules/components/custom-script v0.0.0-20240925042433-d2b5d05977e8 h1:b/zLhGA++K6BBuat2bc8LX1EUUgfbXr0csu3CBaR/9s=
github.com/gethugothemes/hugo-modules/components/custom-script v0.0.0-20240925042433-d2b5d05977e8/go.mod h1:RuDHq4WnK8sNEzAIJr4BZQ7oXhzcct/EKaAxc2Xvi9E=
github.com/gethugothemes/hugo-modules/components/preloader v0.0.0-20240711030223-49ae4a26e064 h1:AD6z4/HYX9yukyqxQ98u+mhtjohf1X3AGM0p0dKzLMA=
github.com/gethugothemes/hugo-modules/components/preloader v0.0.0-20240711030223-49ae4a26e064/go.mod h1:FP0iQ3tMOesuWFZhLst2KEvUEYPb5Jk1GW+QBP9lrwg=
github.com/gethugothemes/hugo-modules/components/preloader v0.0.0-20240925042433-d2b5d05977e8 h1:qXQgATaoB64NwDGxtEsN3dvL79eoJc8de7qzhY1qlGs=
github.com/gethugothemes/hugo-modules/components/preloader v0.0.0-20240925042433-d2b5d05977e8/go.mod h1:FP0iQ3tMOesuWFZhLst2KEvUEYPb5Jk1GW+QBP9lrwg=
github.com/gethugothemes/hugo-modules/components/render-link v0.0.0-20240711030223-49ae4a26e064 h1:RIUljJ3ILueXWzQJrgpd42SZ+CC73rBSLR9LbGJTyVc=
github.com/gethugothemes/hugo-modules/components/render-link v0.0.0-20240711030223-49ae4a26e064/go.mod h1:z3YcIeEBUonAoRDY1/Jv1ojNVkZ5ud35a0Nn8L4Inx0=
github.com/gethugothemes/hugo-modules/components/render-link v0.0.0-20240925042433-d2b5d05977e8 h1:mK0hf8QyPHHT+vYTnAJ23R8S0oudNluyQ8N24Gg3Buk=
github.com/gethugothemes/hugo-modules/components/render-link v0.0.0-20240925042433-d2b5d05977e8/go.mod h1:z3YcIeEBUonAoRDY1/Jv1ojNVkZ5ud35a0Nn8L4Inx0=
github.com/gethugothemes/hugo-modules/components/social-share v0.0.0-20240711030223-49ae4a26e064 h1:EcvLBpogq/FHPYqqgNln9U60vN6S03Z+hwcnQILFG78=
github.com/gethugothemes/hugo-modules/components/social-share v0.0.0-20240711030223-49ae4a26e064/go.mod h1:Gcj4RM/EBECsJMZnPeWjfy/1roRYGqzV9GYNmeHkvFA=
github.com/gethugothemes/hugo-modules/components/social-share v0.0.0-20240925042433-d2b5d05977e8 h1:+cMV+5ctKpE5rL3gwHJphIWmIr0+PNJvsLhopiC8biY=
github.com/gethugothemes/hugo-modules/components/social-share v0.0.0-20240925042433-d2b5d05977e8/go.mod h1:Gcj4RM/EBECsJMZnPeWjfy/1roRYGqzV9GYNmeHkvFA=
github.com/gethugothemes/hugo-modules/gallery-slider v0.0.0-20240711030223-49ae4a26e064 h1:ApV/xWY4XiWSBbhP6yYYHwuWwRfnf1MlQfGLJt+LGys=
github.com/gethugothemes/hugo-modules/gallery-slider v0.0.0-20240711030223-49ae4a26e064/go.mod h1:MvQ2js/ofZ22CTX5wuvE+dC0rMe6C5HAWL2fEOu/yzE=
github.com/gethugothemes/hugo-modules/gallery-slider v0.0.0-20240925042433-d2b5d05977e8 h1:/2gTKMuTvHO+PoZ7H6SGBHB8vtCaFi6lttfBtY74i3E=
github.com/gethugothemes/hugo-modules/gallery-slider v0.0.0-20240925042433-d2b5d05977e8/go.mod h1:MvQ2js/ofZ22CTX5wuvE+dC0rMe6C5HAWL2fEOu/yzE=
github.com/gethugothemes/hugo-modules/gzip-caching v0.0.0-20240711030223-49ae4a26e064 h1:FI6uqBGCFMurqg82pngRNIBkk9PDgrRooMYVxupCWrY=
github.com/gethugothemes/hugo-modules/gzip-caching v0.0.0-20240711030223-49ae4a26e064/go.mod h1:0ZMjTZVG4XLZU2/icc8Saqo4mmgMpfRTrUZU2Aa2Pwg=
github.com/gethugothemes/hugo-modules/gzip-caching v0.0.0-20240925042433-d2b5d05977e8 h1:5/R8j8xG2tvH6bsBrrF1zG6JdBxzzGf7ITlgysgteI0=
github.com/gethugothemes/hugo-modules/gzip-caching v0.0.0-20240925042433-d2b5d05977e8/go.mod h1:0ZMjTZVG4XLZU2/icc8Saqo4mmgMpfRTrUZU2Aa2Pwg=
github.com/gethugothemes/hugo-modules/icons/font-awesome v0.0.0-20240711030223-49ae4a26e064 h1:MktfbqJjqdz/ASDrsla/k30JpwBho5mPkvNh2V5vAxk=
github.com/gethugothemes/hugo-modules/icons/font-awesome v0.0.0-20240711030223-49ae4a26e064/go.mod h1:d3gy1vQyfasPmGpau7HpQLrXbOv23PfXclSnjyOBxeU=
github.com/gethugothemes/hugo-modules/icons/font-awesome v0.0.0-20240925042433-d2b5d05977e8 h1:h2xHThbg1laJN6t2+bMr6dIAcD/b0IXBWOp+kJlzJec=
github.com/gethugothemes/hugo-modules/icons/font-awesome v0.0.0-20240925042433-d2b5d05977e8/go.mod h1:d3gy1vQyfasPmGpau7HpQLrXbOv23PfXclSnjyOBxeU=
github.com/gethugothemes/hugo-modules/images v0.0.0-20240711030223-49ae4a26e064 h1:sq+AZRYnPTluvUsrbdnjyFEJKKl7UmTmKYJvW2cqfEs=
github.com/gethugothemes/hugo-modules/images v0.0.0-20240711030223-49ae4a26e064/go.mod h1:FKliP3qOW9diIcQeLtyZ0Hdhg3PL8bdAkC/6O+XtU90=
github.com/gethugothemes/hugo-modules/images v0.0.0-20240925042433-d2b5d05977e8 h1:rGWMqcpmotd5G+q5HS9p9sC4GQF2hMxEesuJx8aKvKE=
github.com/gethugothemes/hugo-modules/images v0.0.0-20240925042433-d2b5d05977e8/go.mod h1:FKliP3qOW9diIcQeLtyZ0Hdhg3PL8bdAkC/6O+XtU90=
github.com/gethugothemes/hugo-modules/modal v0.0.0-20240711030223-49ae4a26e064 h1:iuotrIwo8cZ3y9G5EZouoXxwV9Mtf2oTvsxn5RVfzVA=
github.com/gethugothemes/hugo-modules/modal v0.0.0-20240711030223-49ae4a26e064/go.mod h1:Eb9v7oV6biymfvjcBhQdvgn0gUGYhUtfCMeOBLFpFsk=
github.com/gethugothemes/hugo-modules/modal v0.0.0-20240925042433-d2b5d05977e8 h1:kpPvQdUPgvi4UJcROg4rF5fSqNu//ZlIG+XxXr942tI=
github.com/gethugothemes/hugo-modules/modal v0.0.0-20240925042433-d2b5d05977e8/go.mod h1:Eb9v7oV6biymfvjcBhQdvgn0gUGYhUtfCMeOBLFpFsk=
github.com/gethugothemes/hugo-modules/pwa v0.0.0-20240711030223-49ae4a26e064 h1:ZOK8wNGzUYqu1aPEq4wDfYCKCXjtlm2ncPfrdIFm/HY=
github.com/gethugothemes/hugo-modules/pwa v0.0.0-20240711030223-49ae4a26e064/go.mod h1:TRv7iszdfo37O1PbBEE+S8X/enAdpRIxK5DGrp13Qbo=
github.com/gethugothemes/hugo-modules/pwa v0.0.0-20240925042433-d2b5d05977e8 h1:cTObVCZAxl/yW2oVH3FVmg8npXqLWRemuJjXHnnTq0Y=
github.com/gethugothemes/hugo-modules/pwa v0.0.0-20240925042433-d2b5d05977e8/go.mod h1:TRv7iszdfo37O1PbBEE+S8X/enAdpRIxK5DGrp13Qbo=
github.com/gethugothemes/hugo-modules/search v0.0.0-20240711030223-49ae4a26e064 h1:DzexELdLGnEq4Z7ic810iAqGXH12vP9Ft6sNahRQnoI=
github.com/gethugothemes/hugo-modules/search v0.0.0-20240711030223-49ae4a26e064/go.mod h1:tmDvLaZCM+QDvS/WLZXNjY1QTdWh7/68D2wIToECbyA=
github.com/gethugothemes/hugo-modules/search v0.0.0-20240925042433-d2b5d05977e8 h1:+8x01R4Be5m796jUYsvNOdp8U9yJ9yeRJRSalcnRJ+E=
github.com/gethugothemes/hugo-modules/search v0.0.0-20240925042433-d2b5d05977e8/go.mod h1:tmDvLaZCM+QDvS/WLZXNjY1QTdWh7/68D2wIToECbyA=
github.com/gethugothemes/hugo-modules/seo-tools/basic-seo v0.0.0-20240711030223-49ae4a26e064 h1:T8IWW2fGT3ldco08QmQLHrIgr8mnSCfjQjfXWLqMKx4=
github.com/gethugothemes/hugo-modules/seo-tools/basic-seo v0.0.0-20240711030223-49ae4a26e064/go.mod h1:Q8dPgjamV7pxwKSQyWV21Xwh5CGi23/k+M8HPTphYbs=
github.com/gethugothemes/hugo-modules/seo-tools/basic-seo v0.0.0-20240925042433-d2b5d05977e8 h1:cyhgsUNA0Kr172aab/Iy/K11KODP/lTzlOxuNY497vA=
github.com/gethugothemes/hugo-modules/seo-tools/basic-seo v0.0.0-20240925042433-d2b5d05977e8/go.mod h1:Q8dPgjamV7pxwKSQyWV21Xwh5CGi23/k+M8HPTphYbs=
github.com/gethugothemes/hugo-modules/seo-tools/google-tag-manager v0.0.0-20240711030223-49ae4a26e064 h1:iW1Sy/bMsWILaUHTC/IlykLuRXwe4Y6f0hoWum/+rRI=
github.com/gethugothemes/hugo-modules/seo-tools/google-tag-manager v0.0.0-20240711030223-49ae4a26e064/go.mod h1:cCq50yd55eFTrpqOfeyOK5X0hU5E7qxsqOD7IzTsgLA=
github.com/gethugothemes/hugo-modules/seo-tools/google-tag-manager v0.0.0-20240925042433-d2b5d05977e8 h1:WDiOV7iyIFGAUwQzDojoYSayovskKB3mPxm11mf99F4=
github.com/gethugothemes/hugo-modules/seo-tools/google-tag-manager v0.0.0-20240925042433-d2b5d05977e8/go.mod h1:cCq50yd55eFTrpqOfeyOK5X0hU5E7qxsqOD7IzTsgLA=
github.com/gethugothemes/hugo-modules/seo-tools/site-verifications v0.0.0-20240711030223-49ae4a26e064 h1:n8042lNE/tP8WL4lDNlSk+cROIj9x8SkM87iB7eWu7U=
github.com/gethugothemes/hugo-modules/seo-tools/site-verifications v0.0.0-20240711030223-49ae4a26e064/go.mod h1:iXielaya126qJscz7Bc2G2WB91moloQOoWru6UoBUyE=
github.com/gethugothemes/hugo-modules/seo-tools/site-verifications v0.0.0-20240925042433-d2b5d05977e8 h1:qlKzcEIQqvbw+q+7RynsqSMVSQ/UafD5Xe3B9A7VMF0=
github.com/gethugothemes/hugo-modules/seo-tools/site-verifications v0.0.0-20240925042433-d2b5d05977e8/go.mod h1:iXielaya126qJscz7Bc2G2WB91moloQOoWru6UoBUyE=
github.com/gethugothemes/hugo-modules/shortcodes/button v0.0.0-20240711030223-49ae4a26e064 h1:v50bOrhK6GH8n1o4B3ZdmfaEP/MqtO8pPCWEz896ATk=
github.com/gethugothemes/hugo-modules/shortcodes/button v0.0.0-20240711030223-49ae4a26e064/go.mod h1:MSvxGvjvcGUKTs6YMATU/9kYFrzW+VSVdy4CCOQLdsY=
github.com/gethugothemes/hugo-modules/shortcodes/button v0.0.0-20240925042433-d2b5d05977e8 h1:lugKYn6GRv4MVCC1vDJwm94Y6r2eq1CCxwMfK/ha51I=
github.com/gethugothemes/hugo-modules/shortcodes/button v0.0.0-20240925042433-d2b5d05977e8/go.mod h1:MSvxGvjvcGUKTs6YMATU/9kYFrzW+VSVdy4CCOQLdsY=
github.com/gethugothemes/hugo-modules/shortcodes/notice v0.0.0-20240711030223-49ae4a26e064 h1:/tols8b0J9XEEBK/b2wgLCcnpxgz7ta9Capo1KdcEHY=
github.com/gethugothemes/hugo-modules/shortcodes/notice v0.0.0-20240711030223-49ae4a26e064/go.mod h1:ljWyMJx82WA+6SlKjbGFhEdxcriyvUTCjXkJHDa4lho=
github.com/gethugothemes/hugo-modules/shortcodes/notice v0.0.0-20240925042433-d2b5d05977e8 h1:OODdhrS3Fy9GTGvKzk704NfwR4p+1s4ymVrCPEGct1o=
github.com/gethugothemes/hugo-modules/shortcodes/notice v0.0.0-20240925042433-d2b5d05977e8/go.mod h1:ljWyMJx82WA+6SlKjbGFhEdxcriyvUTCjXkJHDa4lho=
github.com/gethugothemes/hugo-modules/tab v0.0.0-20240711030223-49ae4a26e064 h1:FpNjTC43ARFweEBZvgZGKwFkPj63PLKUB2mWZ6/mlxg=
github.com/gethugothemes/hugo-modules/tab v0.0.0-20240711030223-49ae4a26e064/go.mod h1:h3UxlxrFoU19JldxWLPBKaTZFe3AJtABrqo1wfxr+Ng=
github.com/gethugothemes/hugo-modules/tab v0.0.0-20240925042433-d2b5d05977e8 h1:/CjcG8HFYt6ROy9jLpikozjVAQngN0gnVsw/Jbs8lCg=
github.com/gethugothemes/hugo-modules/tab v0.0.0-20240925042433-d2b5d05977e8/go.mod h1:h3UxlxrFoU19JldxWLPBKaTZFe3AJtABrqo1wfxr+Ng=
github.com/gethugothemes/hugo-modules/table-of-contents v0.0.0-20240711030223-49ae4a26e064 h1:Ve+eb3GerUXdVpH6pw5BeodDK7gf5J5fDhncDN6MvYw=
github.com/gethugothemes/hugo-modules/table-of-contents v0.0.0-20240711030223-49ae4a26e064/go.mod h1:bEDw4veccQQQYEdVrfu13ATRUWfW8ptDIjJZuhYh4Tw=
github.com/gethugothemes/hugo-modules/table-of-contents v0.0.0-20240925042433-d2b5d05977e8 h1:XWwrpOhUvsr3Pww1GQHo9K6RFCAUh/PvkQnIyRMy5Hc=
github.com/gethugothemes/hugo-modules/table-of-contents v0.0.0-20240925042433-d2b5d05977e8/go.mod h1:bEDw4veccQQQYEdVrfu13ATRUWfW8ptDIjJZuhYh4Tw=
github.com/gethugothemes/hugo-modules/videos v0.0.0-20240711030223-49ae4a26e064 h1:qOz8NRnfaCHkS/KoNT+sc4cPt0SuN19/Sss9WD8ouqA=
github.com/gethugothemes/hugo-modules/videos v0.0.0-20240711030223-49ae4a26e064/go.mod h1:P722lLWdnNhdZVq6gvMrOLqECUwrAYQWaOWlChta5H0=
github.com/gethugothemes/hugo-modules/videos v0.0.0-20240925042433-d2b5d05977e8 h1:0nNuE80/NDYplmQPj0lB0O5xUUdC13qHnxcaMOOul9E=
github.com/gethugothemes/hugo-modules/videos v0.0.0-20240925042433-d2b5d05977e8/go.mod h1:P722lLWdnNhdZVq6gvMrOLqECUwrAYQWaOWlChta5H0=
