github.com/gethugothemes/hugo-modules/accordion v0.0.0-20230913031841-c3e6f1eb8b7b h1:FyX3lU4R9DUhf30Ji6I16p4MpeAj8u4hgImKg0YhoNc=
github.com/gethugothemes/hugo-modules/accordion v0.0.0-20230913031841-c3e6f1eb8b7b/go.mod h1:D4DpauKPDcUHI9CVKYmJeO6bkSJIhUN864TyXZ2o0VI=
github.com/gethugothemes/hugo-modules/accordion v0.0.0-20231025030535-37017d01a181 h1:aNi2qtVV9XBwfXW1LYs5X8Wi3G+ExFjzyPtifDUzGL8=
github.com/gethugothemes/hugo-modules/accordion v0.0.0-20231025030535-37017d01a181/go.mod h1:D4DpauKPDcUHI9CVKYmJeO6bkSJIhUN864TyXZ2o0VI=
github.com/gethugothemes/hugo-modules/adsense v0.0.0-20230913031841-c3e6f1eb8b7b h1:+wAKgzfga/rYQdrGFEXDkkUmfkHSRQckr8yobfTlnmE=
github.com/gethugothemes/hugo-modules/adsense v0.0.0-20230913031841-c3e6f1eb8b7b/go.mod h1:8p/gG/cyyu20z4q5cFN/JGE5TOFA55Xsp+aIP9KCsqo=
github.com/gethugothemes/hugo-modules/adsense v0.0.0-20231025030535-37017d01a181 h1:xRNPBy+RIEq17dTuPkSSs9lW0VONUZicvQmm7bZp514=
github.com/gethugothemes/hugo-modules/adsense v0.0.0-20231025030535-37017d01a181/go.mod h1:8p/gG/cyyu20z4q5cFN/JGE5TOFA55Xsp+aIP9KCsqo=
github.com/gethugothemes/hugo-modules/components/cookie-consent v0.0.0-20230913031841-c3e6f1eb8b7b h1:1YVgkoBzy5nyfDUQbz3cG3EiAvftjw66+/idvjLz03c=
github.com/gethugothemes/hugo-modules/components/cookie-consent v0.0.0-20230913031841-c3e6f1eb8b7b/go.mod h1:511ERLpGe3ZTfV2z/NAtUSR5NqKF26h9z5lU/zYV4YQ=
github.com/gethugothemes/hugo-modules/components/cookie-consent v0.0.0-20231025030535-37017d01a181 h1:HYCY4tyTdC8ZAUt6RO37Lm8iZKocNaxyVrrTAx5eM7c=
github.com/gethugothemes/hugo-modules/components/cookie-consent v0.0.0-20231025030535-37017d01a181/go.mod h1:511ERLpGe3ZTfV2z/NAtUSR5NqKF26h9z5lU/zYV4YQ=
github.com/gethugothemes/hugo-modules/components/custom-script v0.0.0-20230913031841-c3e6f1eb8b7b h1:dxihJVwQH7RcT9y1B/wThT3XhWgRBl2k02cWg7EK9rg=
github.com/gethugothemes/hugo-modules/components/custom-script v0.0.0-20230913031841-c3e6f1eb8b7b/go.mod h1:RuDHq4WnK8sNEzAIJr4BZQ7oXhzcct/EKaAxc2Xvi9E=
github.com/gethugothemes/hugo-modules/components/custom-script v0.0.0-20231025030535-37017d01a181 h1:0V11dwcGmhPu1r3KPATMGeHjm2lHAIsuZRXkEqqfOSU=
github.com/gethugothemes/hugo-modules/components/custom-script v0.0.0-20231025030535-37017d01a181/go.mod h1:RuDHq4WnK8sNEzAIJr4BZQ7oXhzcct/EKaAxc2Xvi9E=
github.com/gethugothemes/hugo-modules/components/preloader v0.0.0-20230913031841-c3e6f1eb8b7b h1:+FZkYaMoP9kmRr/IIs0EBzoJ/v439G0/Y09eVFNMctE=
github.com/gethugothemes/hugo-modules/components/preloader v0.0.0-20230913031841-c3e6f1eb8b7b/go.mod h1:FP0iQ3tMOesuWFZhLst2KEvUEYPb5Jk1GW+QBP9lrwg=
github.com/gethugothemes/hugo-modules/components/preloader v0.0.0-20231025030535-37017d01a181 h1:hmGn3n+wix7TWgARz50xvr5fR4GVOSVUNcz9F1NTEmM=
github.com/gethugothemes/hugo-modules/components/preloader v0.0.0-20231025030535-37017d01a181/go.mod h1:FP0iQ3tMOesuWFZhLst2KEvUEYPb5Jk1GW+QBP9lrwg=
github.com/gethugothemes/hugo-modules/components/render-link v0.0.0-20230913031841-c3e6f1eb8b7b h1:VXy7Nm+SdCU4mxWP7+dm4kBbQmrnKei918uL8A53uic=
github.com/gethugothemes/hugo-modules/components/render-link v0.0.0-20230913031841-c3e6f1eb8b7b/go.mod h1:z3YcIeEBUonAoRDY1/Jv1ojNVkZ5ud35a0Nn8L4Inx0=
github.com/gethugothemes/hugo-modules/components/render-link v0.0.0-20231025030535-37017d01a181 h1:32fCMJ/OcB/g1LI3XRMBwMcPR6r8g8giCJoSb6+vI4g=
github.com/gethugothemes/hugo-modules/components/render-link v0.0.0-20231025030535-37017d01a181/go.mod h1:z3YcIeEBUonAoRDY1/Jv1ojNVkZ5ud35a0Nn8L4Inx0=
github.com/gethugothemes/hugo-modules/components/social-share v0.0.0-20230913031841-c3e6f1eb8b7b h1:itZGfKJSZdsINrZxEQSbhL2ORaPmz3Ye8wBd/IohwX4=
github.com/gethugothemes/hugo-modules/components/social-share v0.0.0-20230913031841-c3e6f1eb8b7b/go.mod h1:Gcj4RM/EBECsJMZnPeWjfy/1roRYGqzV9GYNmeHkvFA=
github.com/gethugothemes/hugo-modules/components/social-share v0.0.0-20231025030535-37017d01a181 h1:7/LCuJseeGUkHwQrEZXv/bw207FxVsOVauTK0UNO4qI=
github.com/gethugothemes/hugo-modules/components/social-share v0.0.0-20231025030535-37017d01a181/go.mod h1:Gcj4RM/EBECsJMZnPeWjfy/1roRYGqzV9GYNmeHkvFA=
github.com/gethugothemes/hugo-modules/gallery-slider v0.0.0-20230913031841-c3e6f1eb8b7b h1:VR8nkwYTNwlutcYD0IKnrg/Th3lG+765jBVS8fwRYd4=
github.com/gethugothemes/hugo-modules/gallery-slider v0.0.0-20230913031841-c3e6f1eb8b7b/go.mod h1:MvQ2js/ofZ22CTX5wuvE+dC0rMe6C5HAWL2fEOu/yzE=
github.com/gethugothemes/hugo-modules/gallery-slider v0.0.0-20231025030535-37017d01a181 h1:aJe1uMYGD0Urc/Uc4T2M7IlvazrPLA9dahbXGu1na5w=
github.com/gethugothemes/hugo-modules/gallery-slider v0.0.0-20231025030535-37017d01a181/go.mod h1:MvQ2js/ofZ22CTX5wuvE+dC0rMe6C5HAWL2fEOu/yzE=
github.com/gethugothemes/hugo-modules/gzip-caching v0.0.0-20230913031841-c3e6f1eb8b7b h1:BvMvF9DcEVy9ePR7qP9FMVfeW6dxbzx5HnH+t9bDlL4=
github.com/gethugothemes/hugo-modules/gzip-caching v0.0.0-20230913031841-c3e6f1eb8b7b/go.mod h1:0ZMjTZVG4XLZU2/icc8Saqo4mmgMpfRTrUZU2Aa2Pwg=
github.com/gethugothemes/hugo-modules/gzip-caching v0.0.0-20231025030535-37017d01a181 h1:2i5xRjgd9vFdeGHYGH4Epx9XyfCxkkeYXIVZDhl3gBs=
github.com/gethugothemes/hugo-modules/gzip-caching v0.0.0-20231025030535-37017d01a181/go.mod h1:0ZMjTZVG4XLZU2/icc8Saqo4mmgMpfRTrUZU2Aa2Pwg=
github.com/gethugothemes/hugo-modules/icons/font-awesome v0.0.0-20230913031841-c3e6f1eb8b7b h1:bRk9KW8/mxm4Kp/Q+fxlMaYBv1gwgaDtoGI6XR0AP5g=
github.com/gethugothemes/hugo-modules/icons/font-awesome v0.0.0-20230913031841-c3e6f1eb8b7b/go.mod h1:d3gy1vQyfasPmGpau7HpQLrXbOv23PfXclSnjyOBxeU=
github.com/gethugothemes/hugo-modules/icons/font-awesome v0.0.0-20231025030535-37017d01a181 h1:NWgA3603SQsIQXniXK13B3IOerrJOe3svsHeoahi6aA=
github.com/gethugothemes/hugo-modules/icons/font-awesome v0.0.0-20231025030535-37017d01a181/go.mod h1:d3gy1vQyfasPmGpau7HpQLrXbOv23PfXclSnjyOBxeU=
github.com/gethugothemes/hugo-modules/images v0.0.0-20230913031841-c3e6f1eb8b7b h1:ff7GzwREoQYiaO5QKKCRJ2OfBejHPz+QqzYWf7yI1cI=
github.com/gethugothemes/hugo-modules/images v0.0.0-20230913031841-c3e6f1eb8b7b/go.mod h1:FKliP3qOW9diIcQeLtyZ0Hdhg3PL8bdAkC/6O+XtU90=
github.com/gethugothemes/hugo-modules/images v0.0.0-20231025030535-37017d01a181 h1:HOo5+dbFq6CZPiZPNlCXo7RUh+6NSC9Bc1u34D9UAjw=
github.com/gethugothemes/hugo-modules/images v0.0.0-20231025030535-37017d01a181/go.mod h1:FKliP3qOW9diIcQeLtyZ0Hdhg3PL8bdAkC/6O+XtU90=
github.com/gethugothemes/hugo-modules/modal v0.0.0-20230913031841-c3e6f1eb8b7b h1:khwalEKbhN6nO1/Fl+9jeuXxTTk/ERJDg6WcECbkwLk=
github.com/gethugothemes/hugo-modules/modal v0.0.0-20230913031841-c3e6f1eb8b7b/go.mod h1:Eb9v7oV6biymfvjcBhQdvgn0gUGYhUtfCMeOBLFpFsk=
github.com/gethugothemes/hugo-modules/modal v0.0.0-20231025030535-37017d01a181 h1:NWZvKRc0EBRvUUybYNW6Rqdb8qwi2MW57ZAXvSDLACE=
github.com/gethugothemes/hugo-modules/modal v0.0.0-20231025030535-37017d01a181/go.mod h1:Eb9v7oV6biymfvjcBhQdvgn0gUGYhUtfCMeOBLFpFsk=
github.com/gethugothemes/hugo-modules/pwa v0.0.0-20230913031841-c3e6f1eb8b7b h1:7r3tSNbtTt+vLDW7kHVQzU2kblAR4x6Y40pAD4EMReI=
github.com/gethugothemes/hugo-modules/pwa v0.0.0-20230913031841-c3e6f1eb8b7b/go.mod h1:TRv7iszdfo37O1PbBEE+S8X/enAdpRIxK5DGrp13Qbo=
github.com/gethugothemes/hugo-modules/pwa v0.0.0-20231025030535-37017d01a181 h1:JjnhDNfw3eD99hV8LJuwBorsZYXvMwflFDbTV1NVZBA=
github.com/gethugothemes/hugo-modules/pwa v0.0.0-20231025030535-37017d01a181/go.mod h1:TRv7iszdfo37O1PbBEE+S8X/enAdpRIxK5DGrp13Qbo=
github.com/gethugothemes/hugo-modules/search v0.0.0-20230913031841-c3e6f1eb8b7b h1:7qEdWNVGhUS5N6OvfQFw3+5ZEkZXqatgMYMwwrHQ4Uw=
github.com/gethugothemes/hugo-modules/search v0.0.0-20230913031841-c3e6f1eb8b7b/go.mod h1:tmDvLaZCM+QDvS/WLZXNjY1QTdWh7/68D2wIToECbyA=
github.com/gethugothemes/hugo-modules/search v0.0.0-20231025030535-37017d01a181 h1:8an/Jb255K2b/Hwo+bnv/rve/pX2El+MbelKDm/aab4=
github.com/gethugothemes/hugo-modules/search v0.0.0-20231025030535-37017d01a181/go.mod h1:tmDvLaZCM+QDvS/WLZXNjY1QTdWh7/68D2wIToECbyA=
github.com/gethugothemes/hugo-modules/seo-tools/basic-seo v0.0.0-20230913031841-c3e6f1eb8b7b h1:MLcCkTuT4u6N0VpBPCNvsQKwpk/7zg9uZTaavtRtRBM=
github.com/gethugothemes/hugo-modules/seo-tools/basic-seo v0.0.0-20230913031841-c3e6f1eb8b7b/go.mod h1:Q8dPgjamV7pxwKSQyWV21Xwh5CGi23/k+M8HPTphYbs=
github.com/gethugothemes/hugo-modules/seo-tools/basic-seo v0.0.0-20231025030535-37017d01a181 h1:Oxl6z9Y/8L7FVrCO3n10K86FeZHZZA4eC0YHptjQbzM=
github.com/gethugothemes/hugo-modules/seo-tools/basic-seo v0.0.0-20231025030535-37017d01a181/go.mod h1:Q8dPgjamV7pxwKSQyWV21Xwh5CGi23/k+M8HPTphYbs=
github.com/gethugothemes/hugo-modules/seo-tools/google-tag-manager v0.0.0-20230913031841-c3e6f1eb8b7b h1:wCm4raP9AC7vyw7q0LXpIcEoW0ust/jPLQ+FM/xX2s0=
github.com/gethugothemes/hugo-modules/seo-tools/google-tag-manager v0.0.0-20230913031841-c3e6f1eb8b7b/go.mod h1:cCq50yd55eFTrpqOfeyOK5X0hU5E7qxsqOD7IzTsgLA=
github.com/gethugothemes/hugo-modules/seo-tools/google-tag-manager v0.0.0-20231025030535-37017d01a181 h1:C9VKLXs6VsZuWFbH5skpdiqackTW9oGT5U9FILouK5Y=
github.com/gethugothemes/hugo-modules/seo-tools/google-tag-manager v0.0.0-20231025030535-37017d01a181/go.mod h1:cCq50yd55eFTrpqOfeyOK5X0hU5E7qxsqOD7IzTsgLA=
github.com/gethugothemes/hugo-modules/seo-tools/site-verifications v0.0.0-20230913031841-c3e6f1eb8b7b h1:jWtAZlshBQA1shIBXnqcPhXR9nrvxbET18LFNcUVdGs=
github.com/gethugothemes/hugo-modules/seo-tools/site-verifications v0.0.0-20230913031841-c3e6f1eb8b7b/go.mod h1:iXielaya126qJscz7Bc2G2WB91moloQOoWru6UoBUyE=
github.com/gethugothemes/hugo-modules/seo-tools/site-verifications v0.0.0-20231025030535-37017d01a181 h1:7Pz2bt6dywlW98hmytCBH62x8D4TbDNS1nrLYCOGfPM=
github.com/gethugothemes/hugo-modules/seo-tools/site-verifications v0.0.0-20231025030535-37017d01a181/go.mod h1:iXielaya126qJscz7Bc2G2WB91moloQOoWru6UoBUyE=
github.com/gethugothemes/hugo-modules/shortcodes/button v0.0.0-20230913031841-c3e6f1eb8b7b h1:rxkj/7tYKhRxc9sS2sB1GiUckT+mGahImtr5fBp6BUE=
github.com/gethugothemes/hugo-modules/shortcodes/button v0.0.0-20230913031841-c3e6f1eb8b7b/go.mod h1:MSvxGvjvcGUKTs6YMATU/9kYFrzW+VSVdy4CCOQLdsY=
github.com/gethugothemes/hugo-modules/shortcodes/button v0.0.0-20231025030535-37017d01a181 h1:gCk8ZjUhE+h9gaaj0t2IEpaNthzssdmcdjzjE852w0s=
github.com/gethugothemes/hugo-modules/shortcodes/button v0.0.0-20231025030535-37017d01a181/go.mod h1:MSvxGvjvcGUKTs6YMATU/9kYFrzW+VSVdy4CCOQLdsY=
github.com/gethugothemes/hugo-modules/shortcodes/notice v0.0.0-20230913031841-c3e6f1eb8b7b h1:khd7FKaQMNfd5JRkx5TnY09s1QS4yZQOQLj+O2Vxqrs=
github.com/gethugothemes/hugo-modules/shortcodes/notice v0.0.0-20230913031841-c3e6f1eb8b7b/go.mod h1:ljWyMJx82WA+6SlKjbGFhEdxcriyvUTCjXkJHDa4lho=
github.com/gethugothemes/hugo-modules/shortcodes/notice v0.0.0-20231025030535-37017d01a181 h1:qfEbKX5IFuwfvbdTMXH9y5BldQIPOk6QcYNJxu+UmZE=
github.com/gethugothemes/hugo-modules/shortcodes/notice v0.0.0-20231025030535-37017d01a181/go.mod h1:ljWyMJx82WA+6SlKjbGFhEdxcriyvUTCjXkJHDa4lho=
github.com/gethugothemes/hugo-modules/tab v0.0.0-20230913031841-c3e6f1eb8b7b h1:BRur4GQbv43wFRS8XbLv4PhfY4naekr3VJiWsNtUYTE=
github.com/gethugothemes/hugo-modules/tab v0.0.0-20230913031841-c3e6f1eb8b7b/go.mod h1:h3UxlxrFoU19JldxWLPBKaTZFe3AJtABrqo1wfxr+Ng=
github.com/gethugothemes/hugo-modules/tab v0.0.0-20231025030535-37017d01a181 h1:tOIMgtcAYWDLbOh6yQF3aBqsoQeEh9Ere4yE7YPpCgI=
github.com/gethugothemes/hugo-modules/tab v0.0.0-20231025030535-37017d01a181/go.mod h1:h3UxlxrFoU19JldxWLPBKaTZFe3AJtABrqo1wfxr+Ng=
github.com/gethugothemes/hugo-modules/table-of-contents v0.0.0-20230913031841-c3e6f1eb8b7b h1:+KojsTlmCEYepiXQgun5/IZGq7PTUMhzxF7AmHPh1iY=
github.com/gethugothemes/hugo-modules/table-of-contents v0.0.0-20230913031841-c3e6f1eb8b7b/go.mod h1:bEDw4veccQQQYEdVrfu13ATRUWfW8ptDIjJZuhYh4Tw=
github.com/gethugothemes/hugo-modules/table-of-contents v0.0.0-20231025030535-37017d01a181 h1:KmQOahL2CSXPih++FEnt7scsm1gZ4I9jAmn7tWE9pLY=
github.com/gethugothemes/hugo-modules/table-of-contents v0.0.0-20231025030535-37017d01a181/go.mod h1:bEDw4veccQQQYEdVrfu13ATRUWfW8ptDIjJZuhYh4Tw=
github.com/gethugothemes/hugo-modules/videos v0.0.0-20230913031841-c3e6f1eb8b7b h1:sau8+AuITujgxtfGsxkoNHruPWhn5dcZctTGlhvL128=
github.com/gethugothemes/hugo-modules/videos v0.0.0-20230913031841-c3e6f1eb8b7b/go.mod h1:P722lLWdnNhdZVq6gvMrOLqECUwrAYQWaOWlChta5H0=
github.com/gethugothemes/hugo-modules/videos v0.0.0-20231025030535-37017d01a181 h1:mYVQzGlXwwWofO7c0X0xinG5pGnisEvueNKzUFM55Hc=
github.com/gethugothemes/hugo-modules/videos v0.0.0-20231025030535-37017d01a181/go.mod h1:P722lLWdnNhdZVq6gvMrOLqECUwrAYQWaOWlChta5H0=
